<?xml version="1.0" encoding="utf-8"?>
<Project ToolsVersion="4.0" xmlns="http://schemas.microsoft.com/developer/msbuild/2003">
  <ItemGroup>
    <Filter Include="Source Files">
      <UniqueIdentifier>{4FC737F1-C7A5-4376-A066-2A32D752A2FF}</UniqueIdentifier>
      <Extensions>cpp;c;cc;cxx;c++;cppm;ixx;def;odl;idl;hpj;bat;asm;asmx</Extensions>
    </Filter>
    <Filter Include="Header Files">
      <UniqueIdentifier>{93995380-89BD-4b04-88EB-625FBE52EBFB}</UniqueIdentifier>
      <Extensions>h;hh;hpp;hxx;h++;hm;inl;inc;ipp;xsd</Extensions>
    </Filter>
    <Filter Include="Resource Files">
      <UniqueIdentifier>{67DA6AB6-F800-4c08-8B7A-83BB121AAD01}</UniqueIdentifier>
      <Extensions>rc;ico;cur;bmp;dlg;rc2;rct;bin;rgs;gif;jpg;jpeg;jpe;resx;tiff;tif;png;wav;mfcribbon-ms</Extensions>
    </Filter>
  </ItemGroup>
  <ItemGroup>
    <ClCompile Include="main.cpp">
      <Filter>Source Files</Filter>
    </ClCompile>
    <ClCompile Include="pch.cpp">
      <Filter>Source Files</Filter>
    </ClCompile>
    <ClCompile Include="Runtime\Engine.cpp">
      <Filter>Source Files</Filter>
    </ClCompile>
    <ClCompile Include="Runtime\Function\Global\RuntimeGlobalContext.cpp">
      <Filter>Source Files</Filter>
    </ClCompile>
    <ClCompile Include="Runtime\Function\Render\WindowSystem.cpp">
      <Filter>Source Files</Filter>
    </ClCompile>
    <ClCompile Include="Editor\Editor.cpp">
      <Filter>Source Files</Filter>
    </ClCompile>
    <ClCompile Include="Editor\EditorGlobalContext.cpp">
      <Filter>Source Files</Filter>
    </ClCompile>
    <ClCompile Include="Runtime\Function\Render\RenderSystem.cpp">
      <Filter>Source Files</Filter>
    </ClCompile>
    <ClCompile Include="Runtime\Function\UI\WindowUI.cpp">
      <Filter>Source Files</Filter>
    </ClCompile>
    <ClCompile Include="Editor\EditorUI.cpp">
      <Filter>Source Files</Filter>
    </ClCompile>
    <ClCompile Include="ThirdParty\imgui\imgui.cpp">
      <Filter>Source Files</Filter>
    </ClCompile>
    <ClCompile Include="ThirdParty\imgui\imgui_demo.cpp">
      <Filter>Source Files</Filter>
    </ClCompile>
    <ClCompile Include="ThirdParty\imgui\imgui_draw.cpp">
      <Filter>Source Files</Filter>
    </ClCompile>
    <ClCompile Include="ThirdParty\imgui\imgui_tables.cpp">
      <Filter>Source Files</Filter>
    </ClCompile>
    <ClCompile Include="ThirdParty\imgui\imgui_widgets.cpp">
      <Filter>Source Files</Filter>
    </ClCompile>
    <ClCompile Include="ImGui\ImGuiLayer.cpp">
      <Filter>Source Files</Filter>
    </ClCompile>
    <ClCompile Include="Runtime\Function\Render\RenderPassBase.cpp">
      <Filter>Source Files</Filter>
    </ClCompile>
    <ClCompile Include="Runtime\Function\Render\RenderPass.cpp">
      <Filter>Source Files</Filter>
    </ClCompile>
    <ClCompile Include="Runtime\Function\Render\Passes\UIPass.cpp">
      <Filter>Source Files</Filter>
    </ClCompile>
    <ClCompile Include="Runtime\Function\Render\Passes\MainCameraPass.cpp">
      <Filter>Source Files</Filter>
    </ClCompile>
    <ClCompile Include="Runtime\Function\Render\RenderPipelineBase.cpp">
      <Filter>Source Files</Filter>
    </ClCompile>
    <ClCompile Include="Runtime\Function\Render\RenderPipeline.cpp">
      <Filter>Source Files</Filter>
    </ClCompile>
    <ClCompile Include="Runtime\Function\Render\Rhi\Rhi.cpp">
      <Filter>Source Files</Filter>
    </ClCompile>
    <ClCompile Include="Runtime\Function\Render\Rhi\Vulkan\VulkanRhi.cpp">
      <Filter>Source Files</Filter>
    </ClCompile>
    <ClCompile Include="ThirdParty\imgui\backends\imgui_impl_vulkan.cpp">
      <Filter>Source Files</Filter>
    </ClCompile>
    <ClCompile Include="ThirdParty\imgui\backends\imgui_impl_glfw.cpp">
      <Filter>Source Files</Filter>
    </ClCompile>
    <ClCompile Include="Runtime\Function\Render\Rhi\Vulkan\VulkanUtil.cpp">
      <Filter>Source Files</Filter>
    </ClCompile>
    <ClCompile Include="Runtime\Function\Render\Rhi\Vulkan\Vma.cpp">
      <Filter>Source Files</Filter>
    </ClCompile>
    <ClCompile Include="Runtime\Core\Math\Matrix4x4.cpp">
      <Filter>Source Files</Filter>
    </ClCompile>
  </ItemGroup>
  <ItemGroup>
    <ClInclude Include="Runtime\Engine.h">
      <Filter>Header Files</Filter>
    </ClInclude>
    <ClInclude Include="Editor\Editor.h">
      <Filter>Header Files</Filter>
    </ClInclude>
    <ClInclude Include="pch.h">
      <Filter>Header Files</Filter>
    </ClInclude>
    <ClInclude Include="Runtime\Function\Global\RuntimeGlobalContext.h">
      <Filter>Header Files</Filter>
    </ClInclude>
    <ClInclude Include="Runtime\Function\Render\WindowSystem.h">
      <Filter>Header Files</Filter>
    </ClInclude>
    <ClInclude Include="Runtime\Function\Render\RenderSystem.h">
      <Filter>Header Files</Filter>
    </ClInclude>
    <ClInclude Include="Editor\EditorGlobalContext.h">
      <Filter>Header Files</Filter>
    </ClInclude>
    <ClInclude Include="Runtime\Function\UI\WindowUI.h">
      <Filter>Header Files</Filter>
    </ClInclude>
    <ClInclude Include="Editor\EditorUI.h">
      <Filter>Header Files</Filter>
    </ClInclude>
    <ClInclude Include="ThirdParty\imgui\imconfig.h">
      <Filter>Header Files</Filter>
    </ClInclude>
    <ClInclude Include="ThirdParty\imgui\imgui.h">
      <Filter>Header Files</Filter>
    </ClInclude>
    <ClInclude Include="ThirdParty\imgui\imgui_internal.h">
      <Filter>Header Files</Filter>
    </ClInclude>
    <ClInclude Include="ThirdParty\imgui\imstb_rectpack.h">
      <Filter>Header Files</Filter>
    </ClInclude>
    <ClInclude Include="ThirdParty\imgui\imstb_textedit.h">
      <Filter>Header Files</Filter>
    </ClInclude>
    <ClInclude Include="ThirdParty\imgui\imstb_truetype.h">
      <Filter>Header Files</Filter>
    </ClInclude>
    <ClInclude Include="Runtime\Function\Render\RenderPassBase.h">
      <Filter>Header Files</Filter>
    </ClInclude>
    <ClInclude Include="Runtime\Function\Render\RenderPass.h">
      <Filter>Header Files</Filter>
    </ClInclude>
    <ClInclude Include="Runtime\Function\Render\Passes\UIPass.h">
      <Filter>Header Files</Filter>
    </ClInclude>
    <ClInclude Include="Runtime\Function\Render\Passes\MainCameraPass.h">
      <Filter>Header Files</Filter>
    </ClInclude>
    <ClInclude Include="Runtime\Function\Render\RenderPipelineBase.h">
      <Filter>Header Files</Filter>
    </ClInclude>
    <ClInclude Include="Runtime\Function\Render\RenderPipeline.h">
      <Filter>Header Files</Filter>
    </ClInclude>
    <ClInclude Include="Runtime\Function\Render\Rhi\Rhi.h">
      <Filter>Header Files</Filter>
    </ClInclude>
    <ClInclude Include="Runtime\Function\Render\Rhi\Vulkan\VulkanRhi.h">
      <Filter>Header Files</Filter>
    </ClInclude>
    <ClInclude Include="Runtime\Function\Render\RenderResource.h">
      <Filter>Header Files</Filter>
    </ClInclude>
    <ClInclude Include="Runtime\Function\Render\RenderResourceBase.h">
      <Filter>Header Files</Filter>
    </ClInclude>
    <ClInclude Include="ThirdParty\imgui\backends\imgui_impl_vulkan.h">
      <Filter>Header Files</Filter>
    </ClInclude>
    <ClInclude Include="ThirdParty\imgui\backends\imgui_impl_glfw.h">
      <Filter>Header Files</Filter>
    </ClInclude>
    <ClInclude Include="Runtime\Function\Render\Rhi\Vulkan\VulkanUtil.h">
      <Filter>Header Files</Filter>
    </ClInclude>
    <ClInclude Include="Shader\Generated\mesh_vert.h">
      <Filter>Header Files</Filter>
    </ClInclude>
    <ClInclude Include="Shader\Generated\axis_frag.h">
      <Filter>Header Files</Filter>
    </ClInclude>
    <ClInclude Include="Shader\Generated\axis_vert.h">
      <Filter>Header Files</Filter>
    </ClInclude>
    <ClInclude Include="Shader\Generated\color_grading_frag.h">
      <Filter>Header Files</Filter>
    </ClInclude>
    <ClInclude Include="Shader\Generated\combine_ui_frag.h">
      <Filter>Header Files</Filter>
    </ClInclude>
    <ClInclude Include="Shader\Generated\deferred_lighting_frag.h">
      <Filter>Header Files</Filter>
    </ClInclude>
    <ClInclude Include="Shader\Generated\deferred_lighting_vert.h">
      <Filter>Header Files</Filter>
    </ClInclude>
    <ClInclude Include="Shader\Generated\fxaa_frag.h">
      <Filter>Header Files</Filter>
    </ClInclude>
    <ClInclude Include="Shader\Generated\fxaa_vert.h">
      <Filter>Header Files</Filter>
    </ClInclude>
    <ClInclude Include="Shader\Generated\mesh_directional_light_shadow_frag.h">
      <Filter>Header Files</Filter>
    </ClInclude>
    <ClInclude Include="Shader\Generated\mesh_directional_light_shadow_vert.h">
      <Filter>Header Files</Filter>
    </ClInclude>
    <ClInclude Include="Shader\Generated\mesh_frag.h">
      <Filter>Header Files</Filter>
    </ClInclude>
    <ClInclude Include="Shader\Generated\mesh_gbuffer_frag.h">
      <Filter>Header Files</Filter>
    </ClInclude>
    <ClInclude Include="Shader\Generated\mesh_inefficient_pick_frag.h">
      <Filter>Header Files</Filter>
    </ClInclude>
    <ClInclude Include="Shader\Generated\mesh_inefficient_pick_vert.h">
      <Filter>Header Files</Filter>
    </ClInclude>
    <ClInclude Include="Shader\Generated\mesh_point_light_shadow_frag.h">
      <Filter>Header Files</Filter>
    </ClInclude>
    <ClInclude Include="Shader\Generated\mesh_point_light_shadow_geom.h">
      <Filter>Header Files</Filter>
    </ClInclude>
    <ClInclude Include="Shader\Generated\mesh_point_light_shadow_vert.h">
      <Filter>Header Files</Filter>
    </ClInclude>
    <ClInclude Include="Shader\Generated\particle_emit_comp.h">
      <Filter>Header Files</Filter>
    </ClInclude>
    <ClInclude Include="Shader\Generated\particle_kickoff_comp.h">
      <Filter>Header Files</Filter>
    </ClInclude>
    <ClInclude Include="Shader\Generated\particle_simulate_comp.h">
      <Filter>Header Files</Filter>
    </ClInclude>
    <ClInclude Include="Shader\Generated\particlebillboard_frag.h">
      <Filter>Header Files</Filter>
    </ClInclude>
    <ClInclude Include="Shader\Generated\particlebillboard_vert.h">
      <Filter>Header Files</Filter>
    </ClInclude>
    <ClInclude Include="Shader\Generated\post_process_vert.h">
      <Filter>Header Files</Filter>
    </ClInclude>
    <ClInclude Include="Shader\Generated\skybox_frag.h">
      <Filter>Header Files</Filter>
    </ClInclude>
    <ClInclude Include="Shader\Generated\skybox_vert.h">
      <Filter>Header Files</Filter>
    </ClInclude>
    <ClInclude Include="Shader\Generated\tone_mapping_frag.h">
      <Filter>Header Files</Filter>
    </ClInclude>
    <ClInclude Include="Runtime\Function\Render\RenderMesh.h">
      <Filter>Header Files</Filter>
    </ClInclude>
    <ClInclude Include="Runtime\Core\Math\Vector3.h">
      <Filter>Header Files</Filter>
    </ClInclude>
    <ClInclude Include="Runtime\Core\Math\Vector2.h">
      <Filter>Header Files</Filter>
    </ClInclude>
    <ClInclude Include="Runtime\Core\Math\Vector4.h">
      <Filter>Header Files</Filter>
    </ClInclude>
    <ClInclude Include="Runtime\Function\Render\RenderCommon.h">
      <Filter>Header Files</Filter>
    </ClInclude>
    <ClInclude Include="Runtime\Core\Math\Matrix4x4.h">
      <Filter>Header Files</Filter>
    </ClInclude>
  </ItemGroup>
</Project>